
Microsoft Visual Studio Solution File, Format Version 12.00
# Visual Studio 15
VisualStudioVersion = 15.0.26124.0
MinimumVisualStudioVersion = 15.0.26124.0
Project("{9A19103F-16F7-4668-BE54-9A1E7A4F7556}") = "TinCan", "TinCan\TinCan.csproj", "{B5366A46-A7AF-49D8-AD30-91DB06CF2E95}"
EndProject
Project("{9A19103F-16F7-4668-BE54-9A1E7A4F7556}") = "TinCanTests", "TinCanTests\TinCanTests.csproj", "{747F7E99-04E7-4312-808A-B2AB9225CF9B}"
EndProject
Global
	GlobalSection(SolutionConfigurationPlatforms) = preSolution
		Debug|Any CPU = Debug|Any CPU
		Debug|x64 = Debug|x64
		Debug|x86 = Debug|x86
		Release|Any CPU = Release|Any CPU
		Release|x64 = Release|x64
		Release|x86 = Release|x86
	EndGlobalSection
	GlobalSection(SolutionProperties) = preSolution
		HideSolutionNode = FALSE
	EndGlobalSection
	GlobalSection(ProjectConfigurationPlatforms) = postSolution
		{B5366A46-A7AF-49D8-AD30-91DB06CF2E95}.Debug|Any CPU.ActiveCfg = Debug|Any CPU
		{B5366A46-A7AF-49D8-AD30-91DB06CF2E95}.Debug|Any CPU.Build.0 = Debug|Any CPU
		{B5366A46-A7AF-49D8-AD30-91DB06CF2E95}.Debug|x64.ActiveCfg = Debug|Any CPU
		{B5366A46-A7AF-49D8-AD30-91DB06CF2E95}.Debug|x64.Build.0 = Debug|Any CPU
		{B5366A46-A7AF-49D8-AD30-91DB06CF2E95}.Debug|x86.ActiveCfg = Debug|Any CPU
		{B5366A46-A7AF-49D8-AD30-91DB06CF2E95}.Debug|x86.Build.0 = Debug|Any CPU
		{B5366A46-A7AF-49D8-AD30-91DB06CF2E95}.Release|Any CPU.ActiveCfg = Release|Any CPU
		{B5366A46-A7AF-49D8-AD30-91DB06CF2E95}.Release|Any CPU.Build.0 = Release|Any CPU
		{B5366A46-A7AF-49D8-AD30-91DB06CF2E95}.Release|x64.ActiveCfg = Release|Any CPU
		{B5366A46-A7AF-49D8-AD30-91DB06CF2E95}.Release|x64.Build.0 = Release|Any CPU
		{B5366A46-A7AF-49D8-AD30-91DB06CF2E95}.Release|x86.ActiveCfg = Release|Any CPU
		{B5366A46-A7AF-49D8-AD30-91DB06CF2E95}.Release|x86.Build.0 = Release|Any CPU
		{747F7E99-04E7-4312-808A-B2AB9225CF9B}.Debug|Any CPU.ActiveCfg = Debug|Any CPU
		{747F7E99-04E7-4312-808A-B2AB9225CF9B}.Debug|Any CPU.Build.0 = Debug|Any CPU
		{747F7E99-04E7-4312-808A-B2AB9225CF9B}.Debug|x64.ActiveCfg = Debug|Any CPU
		{747F7E99-04E7-4312-808A-B2AB9225CF9B}.Debug|x64.Build.0 = Debug|Any CPU
		{747F7E99-04E7-4312-808A-B2AB9225CF9B}.Debug|x86.ActiveCfg = Debug|Any CPU
		{747F7E99-04E7-4312-808A-B2AB9225CF9B}.Debug|x86.Build.0 = Debug|Any CPU
		{747F7E99-04E7-4312-808A-B2AB9225CF9B}.Release|Any CPU.ActiveCfg = Release|Any CPU
		{747F7E99-04E7-4312-808A-B2AB9225CF9B}.Release|Any CPU.Build.0 = Release|Any CPU
		{747F7E99-04E7-4312-808A-B2AB9225CF9B}.Release|x64.ActiveCfg = Release|Any CPU
		{747F7E99-04E7-4312-808A-B2AB9225CF9B}.Release|x64.Build.0 = Release|Any CPU
		{747F7E99-04E7-4312-808A-B2AB9225CF9B}.Release|x86.ActiveCfg = Release|Any CPU
		{747F7E99-04E7-4312-808A-B2AB9225CF9B}.Release|x86.Build.0 = Release|Any CPU
	EndGlobalSection
EndGlobal
